
Microsoft Visual Studio Solution File, Format Version 12.00
# Visual Studio Version 17
VisualStudioVersion = 17.11.35327.3
MinimumVisualStudioVersion = 10.0.40219.1
Project("{2150E333-8FDC-42A3-9474-1A3956D46DE8}") = "00_CPP", "00_CPP", "{13BD65D7-AFCB-4380-B4BB-E903513B53AF}"
EndProject
Project("{2150E333-8FDC-42A3-9474-1A3956D46DE8}") = "01_Data_Structure", "01_Data_Structure", "{D6A27695-699A-4568-B0AF-FD518720EC04}"
EndProject
Project("{2150E333-8FDC-42A3-9474-1A3956D46DE8}") = "02_Algorithm", "02_Algorithm", "{ED3FA100-5317-4B4F-9DAA-CAB51298C74F}"
EndProject
Project("{8BC9CEB8-8B4A-11D0-8D11-00A0C91BC942}") = "01_DS_Demo01", "01_Data_Structure\01_DS_Demo01\01_DS_Demo01\01_DS_Demo01.vcxproj", "{8550A990-23B5-409C-BD5F-58C07DDFB2B1}"
EndProject
Project("{8BC9CEB8-8B4A-11D0-8D11-00A0C91BC942}") = "00_CPP_01_HelloWorld", "00_CPP\00_CPP_01_HelloWorld\00_CPP_01_HelloWorld.vcxproj", "{A2DAA06C-A76B-431A-8CDD-075CEDF37992}"
EndProject
Project("{8BC9CEB8-8B4A-11D0-8D11-00A0C91BC942}") = "00_CPP_02_Hello", "00_CPP\00_CPP_02_Hello\00_CPP_02_Hello.vcxproj", "{16796072-7BC3-4451-A588-6F50CB57001B}"
EndProject
Global
	GlobalSection(SolutionConfigurationPlatforms) = preSolution
		Debug|x64 = Debug|x64
		Debug|x86 = Debug|x86
		Release|x64 = Release|x64
		Release|x86 = Release|x86
	EndGlobalSection
	GlobalSection(ProjectConfigurationPlatforms) = postSolution
		{8550A990-23B5-409C-BD5F-58C07DDFB2B1}.Debug|x64.ActiveCfg = Debug|x64
		{8550A990-23B5-409C-BD5F-58C07DDFB2B1}.Debug|x64.Build.0 = Debug|x64
		{8550A990-23B5-409C-BD5F-58C07DDFB2B1}.Debug|x86.ActiveCfg = Debug|Win32
		{8550A990-23B5-409C-BD5F-58C07DDFB2B1}.Debug|x86.Build.0 = Debug|Win32
		{8550A990-23B5-409C-BD5F-58C07DDFB2B1}.Release|x64.ActiveCfg = Release|x64
		{8550A990-23B5-409C-BD5F-58C07DDFB2B1}.Release|x64.Build.0 = Release|x64
		{8550A990-23B5-409C-BD5F-58C07DDFB2B1}.Release|x86.ActiveCfg = Release|Win32
		{8550A990-23B5-409C-BD5F-58C07DDFB2B1}.Release|x86.Build.0 = Release|Win32
		{A2DAA06C-A76B-431A-8CDD-075CEDF37992}.Debug|x64.ActiveCfg = Debug|x64
		{A2DAA06C-A76B-431A-8CDD-075CEDF37992}.Debug|x64.Build.0 = Debug|x64
		{A2DAA06C-A76B-431A-8CDD-075CEDF37992}.Debug|x86.ActiveCfg = Debug|Win32
		{A2DAA06C-A76B-431A-8CDD-075CEDF37992}.Debug|x86.Build.0 = Debug|Win32
		{A2DAA06C-A76B-431A-8CDD-075CEDF37992}.Release|x64.ActiveCfg = Release|x64
		{A2DAA06C-A76B-431A-8CDD-075CEDF37992}.Release|x64.Build.0 = Release|x64
		{A2DAA06C-A76B-431A-8CDD-075CEDF37992}.Release|x86.ActiveCfg = Release|Win32
		{A2DAA06C-A76B-431A-8CDD-075CEDF37992}.Release|x86.Build.0 = Release|Win32
		{16796072-7BC3-4451-A588-6F50CB57001B}.Debug|x64.ActiveCfg = Debug|x64
		{16796072-7BC3-4451-A588-6F50CB57001B}.Debug|x64.Build.0 = Debug|x64
		{16796072-7BC3-4451-A588-6F50CB57001B}.Debug|x86.ActiveCfg = Debug|Win32
		{16796072-7BC3-4451-A588-6F50CB57001B}.Debug|x86.Build.0 = Debug|Win32
		{16796072-7BC3-4451-A588-6F50CB57001B}.Release|x64.ActiveCfg = Release|x64
		{16796072-7BC3-4451-A588-6F50CB57001B}.Release|x64.Build.0 = Release|x64
		{16796072-7BC3-4451-A588-6F50CB57001B}.Release|x86.ActiveCfg = Release|Win32
		{16796072-7BC3-4451-A588-6F50CB57001B}.Release|x86.Build.0 = Release|Win32
	EndGlobalSection
	GlobalSection(SolutionProperties) = preSolution
		HideSolutionNode = FALSE
	EndGlobalSection
	GlobalSection(NestedProjects) = preSolution
		{8550A990-23B5-409C-BD5F-58C07DDFB2B1} = {D6A27695-699A-4568-B0AF-FD518720EC04}
		{A2DAA06C-A76B-431A-8CDD-075CEDF37992} = {13BD65D7-AFCB-4380-B4BB-E903513B53AF}
		{16796072-7BC3-4451-A588-6F50CB57001B} = {13BD65D7-AFCB-4380-B4BB-E903513B53AF}
	EndGlobalSection
	GlobalSection(ExtensibilityGlobals) = postSolution
		SolutionGuid = {21880230-8218-4951-B5BB-5B2800136E15}
	EndGlobalSection
EndGlobal
