
Microsoft Visual Studio Solution File, Format Version 12.00
# Visual Studio Version 17
VisualStudioVersion = 17.11.35327.3
MinimumVisualStudioVersion = 10.0.40219.1
Project("{2150E333-8FDC-42A3-9474-1A3956D46DE8}") = "00_C++语言", "00_C++语言", "{13BD65D7-AFCB-4380-B4BB-E903513B53AF}"
EndProject
Project("{2150E333-8FDC-42A3-9474-1A3956D46DE8}") = "02_数据结构", "02_数据结构", "{D6A27695-699A-4568-B0AF-FD518720EC04}"
EndProject
Project("{2150E333-8FDC-42A3-9474-1A3956D46DE8}") = "01_算法", "01_算法", "{ED3FA100-5317-4B4F-9DAA-CAB51298C74F}"
EndProject
Project("{2150E333-8FDC-42A3-9474-1A3956D46DE8}") = "解决方案项", "解决方案项", "{22857732-7164-4DFC-8289-64E613E63837}"
	ProjectSection(SolutionItems) = preProject
		README.md = README.md
	EndProjectSection
EndProject
Project("{2150E333-8FDC-42A3-9474-1A3956D46DE8}") = "01_栈", "01_栈", "{2D0B26D2-8EC8-4C65-9452-8BE8589FCB8C}"
EndProject
Project("{2150E333-8FDC-42A3-9474-1A3956D46DE8}") = "01_高精度计算", "01_高精度计算", "{608516BD-DB22-41CB-86C2-CF13CE036CB2}"
EndProject
Project("{2150E333-8FDC-42A3-9474-1A3956D46DE8}") = "02_数据排序", "02_数据排序", "{F31F4F41-2A17-4CF5-9D18-81C625FC949A}"
EndProject
Project("{2150E333-8FDC-42A3-9474-1A3956D46DE8}") = "02_队列", "02_队列", "{7B7223B6-47F6-46E4-81D6-8A5B03B679DD}"
EndProject
Project("{8BC9CEB8-8B4A-11D0-8D11-00A0C91BC942}") = "01_表达式括号匹配", "02_数据结构\01_栈\01_表达式括号匹配\01_表达式括号匹配.vcxproj", "{D08FFE3B-E217-4589-AE7A-68D80EFB40EC}"
EndProject
Project("{8BC9CEB8-8B4A-11D0-8D11-00A0C91BC942}") = "02_括号匹配检验", "02_数据结构\01_栈\02_括号匹配检验\02_括号匹配检验.vcxproj", "{70724758-3963-4C17-AF11-8FCCA488305A}"
EndProject
Project("{8BC9CEB8-8B4A-11D0-8D11-00A0C91BC942}") = "02_括号匹配检验_02", "02_数据结构\01_栈\02_括号匹配检验_02\02_括号匹配检验_02.vcxproj", "{C6D6F4F8-9C18-4A61-84DD-F67F75D55FC5}"
EndProject
Project("{2150E333-8FDC-42A3-9474-1A3956D46DE8}") = "01_C++语言入门", "01_C++语言入门", "{D5421610-C607-439E-A693-10B42D7E82FD}"
EndProject
Project("{8BC9CEB8-8B4A-11D0-8D11-00A0C91BC942}") = "01_面积", "02_数据结构\02_队列\01_面积\01_面积.vcxproj", "{97837CB6-8BE6-4594-8C59-5C3DB5062B10}"
EndProject
Project("{2150E333-8FDC-42A3-9474-1A3956D46DE8}") = "03_树", "03_树", "{E4C7F4FE-1A94-44F7-82AC-D771DC749506}"
EndProject
Project("{8BC9CEB8-8B4A-11D0-8D11-00A0C91BC942}") = "01_小球", "02_数据结构\03_树\01_小球\01_小球.vcxproj", "{267E94CE-0C35-4CD8-BBF0-9E2C35F7114C}"
EndProject
Project("{2150E333-8FDC-42A3-9474-1A3956D46DE8}") = "04_图论算法", "04_图论算法", "{ACED47E8-6842-4AA3-BD9B-022C3DBAE9D6}"
EndProject
Project("{2150E333-8FDC-42A3-9474-1A3956D46DE8}") = "01_图的遍历", "01_图的遍历", "{41B72FF1-E026-4C58-BDC8-3C5D6F0FA1B0}"
EndProject
Project("{2150E333-8FDC-42A3-9474-1A3956D46DE8}") = "02_最短路径算法", "02_最短路径算法", "{E34AACD9-9867-401F-BFEA-8CE1048DF302}"
EndProject
Project("{2150E333-8FDC-42A3-9474-1A3956D46DE8}") = "03_图的连通性问题", "03_图的连通性问题", "{AE09FAE8-60EC-49E6-AD05-F7E7153D9E5E}"
EndProject
Project("{2150E333-8FDC-42A3-9474-1A3956D46DE8}") = "04_并查集", "04_并查集", "{011921BD-2ACA-402C-A745-AAE589DBC51E}"
EndProject
Project("{2150E333-8FDC-42A3-9474-1A3956D46DE8}") = "05_最小生成树", "05_最小生成树", "{82F98D88-9177-40E0-8F60-8E4ED3DD77D0}"
EndProject
Project("{2150E333-8FDC-42A3-9474-1A3956D46DE8}") = "06_拓扑排序与关键路径", "06_拓扑排序与关键路径", "{9EBB0A29-8E9B-41A6-BE22-95B86CCE6053}"
EndProject
Project("{2150E333-8FDC-42A3-9474-1A3956D46DE8}") = "01_二叉树", "01_二叉树", "{F627CB20-007D-4F85-A998-DB9FDB193E67}"
EndProject
Project("{2150E333-8FDC-42A3-9474-1A3956D46DE8}") = "02_堆及其应用", "02_堆及其应用", "{3A2D2266-D283-455E-B9B0-092400464B3C}"
EndProject
Project("{2150E333-8FDC-42A3-9474-1A3956D46DE8}") = "03_递推算法", "03_递推算法", "{3962B6BC-3320-4AAF-A55D-B292488E94DC}"
EndProject
Project("{2150E333-8FDC-42A3-9474-1A3956D46DE8}") = "04_递归算法", "04_递归算法", "{65CC981F-68B5-4E09-817D-4FB553D2DE5A}"
EndProject
Project("{2150E333-8FDC-42A3-9474-1A3956D46DE8}") = "05_搜索与回溯算法", "05_搜索与回溯算法", "{25AF5ED1-0926-464B-9105-9664C287C069}"
EndProject
Project("{2150E333-8FDC-42A3-9474-1A3956D46DE8}") = "06_贪心算法", "06_贪心算法", "{32CB0267-5328-4307-8C1D-39D782F78A9C}"
EndProject
Project("{2150E333-8FDC-42A3-9474-1A3956D46DE8}") = "07_分治算法", "07_分治算法", "{409106D7-5184-48B3-AEDE-82972335AEBF}"
EndProject
Project("{2150E333-8FDC-42A3-9474-1A3956D46DE8}") = "08_广度优先搜索算法", "08_广度优先搜索算法", "{010F3D0D-F258-484D-A5A9-20CE2522BD86}"
EndProject
Project("{2150E333-8FDC-42A3-9474-1A3956D46DE8}") = "09_动态规划", "09_动态规划", "{FB636B1E-F79B-4A07-9107-BA46FD2264A4}"
EndProject
Project("{2150E333-8FDC-42A3-9474-1A3956D46DE8}") = "01_动态规划的基本模型", "01_动态规划的基本模型", "{6CC410EC-A1DC-4512-9C7E-0813F7FE6C47}"
EndProject
Project("{2150E333-8FDC-42A3-9474-1A3956D46DE8}") = "02_背包问题", "02_背包问题", "{81DDC176-0338-4F57-89D7-E7AFC287EDD9}"
EndProject
Project("{2150E333-8FDC-42A3-9474-1A3956D46DE8}") = "03_动态规划经典题", "03_动态规划经典题", "{3DF6EDC0-3D21-45C4-89E4-3F0A29EB01F9}"
EndProject
Project("{2150E333-8FDC-42A3-9474-1A3956D46DE8}") = "02_顺序结构程序设计", "02_顺序结构程序设计", "{1CFEB690-38EE-42A4-A7DC-37A9B9807A7D}"
EndProject
Project("{2150E333-8FDC-42A3-9474-1A3956D46DE8}") = "03_程序的控制结构", "03_程序的控制结构", "{799C0617-DC21-4521-B71D-B474233CEF22}"
EndProject
Project("{2150E333-8FDC-42A3-9474-1A3956D46DE8}") = "04_循环结构", "04_循环结构", "{6900785E-A06F-4A76-BFCA-A2E433E0A0C7}"
EndProject
Project("{2150E333-8FDC-42A3-9474-1A3956D46DE8}") = "05_数组", "05_数组", "{2F24C4AA-C8A3-4504-B435-D0C02380560F}"
EndProject
Project("{2150E333-8FDC-42A3-9474-1A3956D46DE8}") = "06_函数", "06_函数", "{AF56ADE2-2DB2-45EE-A4D6-F6747168C5EB}"
EndProject
Project("{2150E333-8FDC-42A3-9474-1A3956D46DE8}") = "07_文件和结构体", "07_文件和结构体", "{0F11D1B9-4136-4075-977F-09C0AB288286}"
EndProject
Project("{2150E333-8FDC-42A3-9474-1A3956D46DE8}") = "08_指针及其应用", "08_指针及其应用", "{C17B2D97-81C2-4E86-86AB-6C9FF27A29B7}"
EndProject
Project("{2150E333-8FDC-42A3-9474-1A3956D46DE8}") = "09_STL模板库及其应用", "09_STL模板库及其应用", "{419F902D-BB6D-4C2C-B345-2B8A3F1CE722}"
EndProject
Project("{2150E333-8FDC-42A3-9474-1A3956D46DE8}") = "01_函数", "01_函数", "{73DF6440-A4B8-4FF9-979D-CF01F4558B87}"
EndProject
Project("{2150E333-8FDC-42A3-9474-1A3956D46DE8}") = "02_递归算法", "02_递归算法", "{322B5FC9-2057-4C62-B55C-14144E95BBFD}"
EndProject
Project("{2150E333-8FDC-42A3-9474-1A3956D46DE8}") = "01_一维数组", "01_一维数组", "{00B96901-CED4-4839-9CD0-C674FA94E599}"
EndProject
Project("{2150E333-8FDC-42A3-9474-1A3956D46DE8}") = "02_二维数组", "02_二维数组", "{63C2F29C-28ED-4D22-8F4A-9CBF6EA9CB94}"
EndProject
Project("{2150E333-8FDC-42A3-9474-1A3956D46DE8}") = "03_字符类型和字符数组", "03_字符类型和字符数组", "{45C4B081-2B80-477A-9FCE-74C7D09B5FA0}"
EndProject
Project("{2150E333-8FDC-42A3-9474-1A3956D46DE8}") = "04_字符串与string类", "04_字符串与string类", "{154BEB4D-A628-4F93-BAD9-F119DE8D8268}"
EndProject
Project("{2150E333-8FDC-42A3-9474-1A3956D46DE8}") = "01_for语句", "01_for语句", "{BE6E72D3-5108-483B-865C-56879406231F}"
EndProject
Project("{2150E333-8FDC-42A3-9474-1A3956D46DE8}") = "02_while语句", "02_while语句", "{B5F6ACB9-7047-4D2F-8EF2-2B5BFB8FE3D0}"
EndProject
Project("{2150E333-8FDC-42A3-9474-1A3956D46DE8}") = "03_do_while语句", "03_do_while语句", "{24D4C4C0-BD15-412B-94CF-7B811DA43BE3}"
EndProject
Project("{2150E333-8FDC-42A3-9474-1A3956D46DE8}") = "04_循环嵌套", "04_循环嵌套", "{B57438E7-DA0D-429E-B4A0-F6D2066ADC9E}"
EndProject
Project("{2150E333-8FDC-42A3-9474-1A3956D46DE8}") = "01_if选择结构", "01_if选择结构", "{48070AF8-4356-4302-8672-D01CB8439108}"
EndProject
Project("{2150E333-8FDC-42A3-9474-1A3956D46DE8}") = "02_switch语句", "02_switch语句", "{5929C4F2-D994-44CB-87B3-372DA418B382}"
EndProject
Project("{2150E333-8FDC-42A3-9474-1A3956D46DE8}") = "01_运算符和表达式", "01_运算符和表达式", "{6437CF81-831E-47DC-8FA2-BF3B7FBE6832}"
EndProject
Project("{2150E333-8FDC-42A3-9474-1A3956D46DE8}") = "02_常量和变量", "02_常量和变量", "{0DA15BE5-CE61-4107-BFE8-1ADB1D3957AD}"
EndProject
Project("{2150E333-8FDC-42A3-9474-1A3956D46DE8}") = "03_标准数据类型", "03_标准数据类型", "{9FE9CE10-C5C1-4A6F-ABB6-ECB77161176E}"
EndProject
Project("{2150E333-8FDC-42A3-9474-1A3956D46DE8}") = "04_数据输入输出", "04_数据输入输出", "{70FCC36D-A63F-41C6-BBDF-B5CC1CC73B8A}"
EndProject
Project("{2150E333-8FDC-42A3-9474-1A3956D46DE8}") = "05_顺序结构实例", "05_顺序结构实例", "{10030278-9B6C-4562-A4F0-35465B65E164}"
EndProject
Project("{8BC9CEB8-8B4A-11D0-8D11-00A0C91BC942}") = "01_HelloWorld", "00_C++语言\01_C++语言入门\01_HelloWorld\01_HelloWorld.vcxproj", "{A2DAA06C-A76B-431A-8CDD-075CEDF37992}"
EndProject
Project("{8BC9CEB8-8B4A-11D0-8D11-00A0C91BC942}") = "02_输出第二个整数", "00_C++语言\01_C++语言入门\02_输出第二个整数\02_输出第二个整数.vcxproj", "{3086EAB0-EA07-4041-9232-323BC451D605}"
EndProject
Project("{8BC9CEB8-8B4A-11D0-8D11-00A0C91BC942}") = "03_对齐输出", "00_C++语言\01_C++语言入门\03_对齐输出\03_对齐输出.vcxproj", "{24DCD6A7-2F94-4F50-8363-789F06608CC0}"
EndProject
Project("{8BC9CEB8-8B4A-11D0-8D11-00A0C91BC942}") = "04_字符三角形", "00_C++语言\01_C++语言入门\04_字符三角形\04_字符三角形.vcxproj", "{FAAE5AD1-03E2-41A5-8517-623D1D5896A0}"
EndProject
Project("{8BC9CEB8-8B4A-11D0-8D11-00A0C91BC942}") = "05_地球人口承载力估计", "00_C++语言\01_C++语言入门\05_地球人口承载力估计\05_地球人口承载力估计.vcxproj", "{94B76DAB-6929-44E1-AE83-3E854DD4A0DB}"
EndProject
Project("{8BC9CEB8-8B4A-11D0-8D11-00A0C91BC942}") = "02_计算(a+b)xc的值", "00_C++语言\02_顺序结构程序设计\01_运算符和表达式\02_计算(a+b)xc的值\02_计算(a+b)xc的值.vcxproj", "{F034DC31-DF94-4CB8-A9DE-EAD1F73AC292}"
EndProject
Project("{8BC9CEB8-8B4A-11D0-8D11-00A0C91BC942}") = "01_A+B问题", "00_C++语言\02_顺序结构程序设计\01_运算符和表达式\01_A+B问题\01_A+B问题.vcxproj", "{08FA7442-F9AE-4230-8A12-6C28C33FEE28}"
EndProject
Project("{8BC9CEB8-8B4A-11D0-8D11-00A0C91BC942}") = "01_铲雪车", "02_数据结构\04_图论算法\01_图的遍历\01_铲雪车\01_铲雪车.vcxproj", "{F46C69FD-5327-49FD-9AC1-3EBD5C2EBAEF}"
EndProject
Project("{8BC9CEB8-8B4A-11D0-8D11-00A0C91BC942}") = "02_信使", "02_数据结构\04_图论算法\02_最短路径算法\02_信使\02_信使.vcxproj", "{8013F9ED-A5BF-4D23-ADF8-357FD71E6B52}"
EndProject
Project("{8BC9CEB8-8B4A-11D0-8D11-00A0C91BC942}") = "01_烦人的幻灯片", "02_数据结构\04_图论算法\06_拓扑排序与关键路径\01_烦人的幻灯片\01_烦人的幻灯片.vcxproj", "{17D9AB51-FA22-4DAB-BF1E-F79B893F6B69}"
EndProject
Project("{8BC9CEB8-8B4A-11D0-8D11-00A0C91BC942}") = "02_病毒", "02_数据结构\04_图论算法\06_拓扑排序与关键路径\02_病毒\02_病毒.vcxproj", "{07FB9C65-D70D-44B0-ADCA-F18C4179BAAF}"
EndProject
Project("{8BC9CEB8-8B4A-11D0-8D11-00A0C91BC942}") = "01_大整数加法", "01_算法\01_高精度计算\01_大整数加法\01_大整数加法.vcxproj", "{A73294BC-EDDE-46D5-808E-97240337D302}"
EndProject
Project("{8BC9CEB8-8B4A-11D0-8D11-00A0C91BC942}") = "02_大整数减法", "01_算法\01_高精度计算\02_大整数减法\02_大整数减法.vcxproj", "{7FDF0D6B-4B55-407D-A324-52EEABC144BD}"
EndProject
Project("{8BC9CEB8-8B4A-11D0-8D11-00A0C91BC942}") = "01_谁考了第k名", "01_算法\02_数据排序\01_谁考了第k名\01_谁考了第k名.vcxproj", "{3D7D671A-C5DE-41E5-9365-0EE6F3FE6B42}"
EndProject
Project("{8BC9CEB8-8B4A-11D0-8D11-00A0C91BC942}") = "01_斐波那契数列_2", "01_算法\03_递推算法\01_斐波那契数列_2\01_斐波那契数列_2.vcxproj", "{513BA6DA-F46C-4962-B3CD-3EAF72DE9199}"
EndProject
Project("{8BC9CEB8-8B4A-11D0-8D11-00A0C91BC942}") = "01_逆波兰表达式", "01_算法\04_递归算法\01_逆波兰表达式\01_逆波兰表达式.vcxproj", "{5BE736EE-9D96-48D9-B819-E1D0FCFA2A7C}"
EndProject
Project("{8BC9CEB8-8B4A-11D0-8D11-00A0C91BC942}") = "01_LETTERS", "01_算法\05_搜索与回溯算法\01_LETTERS\01_LETTERS.vcxproj", "{A44CAF14-FA64-4724-9936-85260CDC8532}"
EndProject
Project("{8BC9CEB8-8B4A-11D0-8D11-00A0C91BC942}") = "01_An_Easy_Problem", "01_算法\06_贪心算法\01_An_Easy_Problem\01_An_Easy_Problem.vcxproj", "{24F6180B-F66F-4334-B8AF-77702721BA17}"
EndProject
Project("{8BC9CEB8-8B4A-11D0-8D11-00A0C91BC942}") = "01_2011", "01_算法\07_分治算法\01_2011\01_2011.vcxproj", "{960D386F-ED96-49FF-993F-DCA37573F23F}"
EndProject
Project("{8BC9CEB8-8B4A-11D0-8D11-00A0C91BC942}") = "01_Dungeon_Master", "01_算法\08_广度优先搜索算法\01_Dungeon_Master\01_Dungeon_Master.vcxproj", "{D0E806BD-155F-41EE-9B39-9FA540AACE57}"
EndProject
Project("{8BC9CEB8-8B4A-11D0-8D11-00A0C91BC942}") = "01_最长上升子序列", "01_算法\09_动态规划\01_动态规划的基本模型\01_最长上升子序列\01_最长上升子序列.vcxproj", "{4AF4EE6F-2201-4836-A2EC-07A98D42520C}"
EndProject
Project("{8BC9CEB8-8B4A-11D0-8D11-00A0C91BC942}") = "01_采药", "01_算法\09_动态规划\02_背包问题\01_采药\01_采药.vcxproj", "{951C6758-74D0-494F-B998-2502D07210B6}"
EndProject
Project("{8BC9CEB8-8B4A-11D0-8D11-00A0C91BC942}") = "01_公共子序列", "01_算法\09_动态规划\03_动态规划经典题\01_公共子序列\01_公共子序列.vcxproj", "{BF423EB3-4F14-4E81-A68C-35D65ECD3A80}"
EndProject
Project("{8BC9CEB8-8B4A-11D0-8D11-00A0C91BC942}") = "01_局域网", "02_数据结构\04_图论算法\05_最小生成树\01_局域网\01_局域网.vcxproj", "{92FD7596-7445-4DC3-8B4C-5EF53FCA776A}"
EndProject
Project("{8BC9CEB8-8B4A-11D0-8D11-00A0C91BC942}") = "02_繁忙的都市", "02_数据结构\04_图论算法\05_最小生成树\02_繁忙的都市\02_繁忙的都市.vcxproj", "{51BCC48C-09AE-4C8B-9734-F9A2B89F1F03}"
EndProject
Project("{8BC9CEB8-8B4A-11D0-8D11-00A0C91BC942}") = "01_刻录光盘", "02_数据结构\04_图论算法\03_图的连通性问题\01_刻录光盘\01_刻录光盘.vcxproj", "{3558DBCB-9FB4-45CA-9FC2-EC6D0C2C999C}"
EndProject
Project("{8BC9CEB8-8B4A-11D0-8D11-00A0C91BC942}") = "01_团伙", "02_数据结构\04_图论算法\04_并查集\01_团伙\01_团伙.vcxproj", "{E7CAA812-D08A-49BF-93FA-AC7D51E2C512}"
EndProject
Global
	GlobalSection(SolutionConfigurationPlatforms) = preSolution
		Debug|x64 = Debug|x64
		Debug|x86 = Debug|x86
		Release|x64 = Release|x64
		Release|x86 = Release|x86
	EndGlobalSection
	GlobalSection(ProjectConfigurationPlatforms) = postSolution
		{D08FFE3B-E217-4589-AE7A-68D80EFB40EC}.Debug|x64.ActiveCfg = Debug|x64
		{D08FFE3B-E217-4589-AE7A-68D80EFB40EC}.Debug|x64.Build.0 = Debug|x64
		{D08FFE3B-E217-4589-AE7A-68D80EFB40EC}.Debug|x86.ActiveCfg = Debug|Win32
		{D08FFE3B-E217-4589-AE7A-68D80EFB40EC}.Debug|x86.Build.0 = Debug|Win32
		{D08FFE3B-E217-4589-AE7A-68D80EFB40EC}.Release|x64.ActiveCfg = Release|x64
		{D08FFE3B-E217-4589-AE7A-68D80EFB40EC}.Release|x64.Build.0 = Release|x64
		{D08FFE3B-E217-4589-AE7A-68D80EFB40EC}.Release|x86.ActiveCfg = Release|Win32
		{D08FFE3B-E217-4589-AE7A-68D80EFB40EC}.Release|x86.Build.0 = Release|Win32
		{70724758-3963-4C17-AF11-8FCCA488305A}.Debug|x64.ActiveCfg = Debug|x64
		{70724758-3963-4C17-AF11-8FCCA488305A}.Debug|x64.Build.0 = Debug|x64
		{70724758-3963-4C17-AF11-8FCCA488305A}.Debug|x86.ActiveCfg = Debug|Win32
		{70724758-3963-4C17-AF11-8FCCA488305A}.Debug|x86.Build.0 = Debug|Win32
		{70724758-3963-4C17-AF11-8FCCA488305A}.Release|x64.ActiveCfg = Release|x64
		{70724758-3963-4C17-AF11-8FCCA488305A}.Release|x64.Build.0 = Release|x64
		{70724758-3963-4C17-AF11-8FCCA488305A}.Release|x86.ActiveCfg = Release|Win32
		{70724758-3963-4C17-AF11-8FCCA488305A}.Release|x86.Build.0 = Release|Win32
		{C6D6F4F8-9C18-4A61-84DD-F67F75D55FC5}.Debug|x64.ActiveCfg = Debug|x64
		{C6D6F4F8-9C18-4A61-84DD-F67F75D55FC5}.Debug|x64.Build.0 = Debug|x64
		{C6D6F4F8-9C18-4A61-84DD-F67F75D55FC5}.Debug|x86.ActiveCfg = Debug|Win32
		{C6D6F4F8-9C18-4A61-84DD-F67F75D55FC5}.Debug|x86.Build.0 = Debug|Win32
		{C6D6F4F8-9C18-4A61-84DD-F67F75D55FC5}.Release|x64.ActiveCfg = Release|x64
		{C6D6F4F8-9C18-4A61-84DD-F67F75D55FC5}.Release|x64.Build.0 = Release|x64
		{C6D6F4F8-9C18-4A61-84DD-F67F75D55FC5}.Release|x86.ActiveCfg = Release|Win32
		{C6D6F4F8-9C18-4A61-84DD-F67F75D55FC5}.Release|x86.Build.0 = Release|Win32
		{97837CB6-8BE6-4594-8C59-5C3DB5062B10}.Debug|x64.ActiveCfg = Debug|x64
		{97837CB6-8BE6-4594-8C59-5C3DB5062B10}.Debug|x64.Build.0 = Debug|x64
		{97837CB6-8BE6-4594-8C59-5C3DB5062B10}.Debug|x86.ActiveCfg = Debug|Win32
		{97837CB6-8BE6-4594-8C59-5C3DB5062B10}.Debug|x86.Build.0 = Debug|Win32
		{97837CB6-8BE6-4594-8C59-5C3DB5062B10}.Release|x64.ActiveCfg = Release|x64
		{97837CB6-8BE6-4594-8C59-5C3DB5062B10}.Release|x64.Build.0 = Release|x64
		{97837CB6-8BE6-4594-8C59-5C3DB5062B10}.Release|x86.ActiveCfg = Release|Win32
		{97837CB6-8BE6-4594-8C59-5C3DB5062B10}.Release|x86.Build.0 = Release|Win32
		{267E94CE-0C35-4CD8-BBF0-9E2C35F7114C}.Debug|x64.ActiveCfg = Debug|x64
		{267E94CE-0C35-4CD8-BBF0-9E2C35F7114C}.Debug|x64.Build.0 = Debug|x64
		{267E94CE-0C35-4CD8-BBF0-9E2C35F7114C}.Debug|x86.ActiveCfg = Debug|Win32
		{267E94CE-0C35-4CD8-BBF0-9E2C35F7114C}.Debug|x86.Build.0 = Debug|Win32
		{267E94CE-0C35-4CD8-BBF0-9E2C35F7114C}.Release|x64.ActiveCfg = Release|x64
		{267E94CE-0C35-4CD8-BBF0-9E2C35F7114C}.Release|x64.Build.0 = Release|x64
		{267E94CE-0C35-4CD8-BBF0-9E2C35F7114C}.Release|x86.ActiveCfg = Release|Win32
		{267E94CE-0C35-4CD8-BBF0-9E2C35F7114C}.Release|x86.Build.0 = Release|Win32
		{A2DAA06C-A76B-431A-8CDD-075CEDF37992}.Debug|x64.ActiveCfg = Debug|x64
		{A2DAA06C-A76B-431A-8CDD-075CEDF37992}.Debug|x64.Build.0 = Debug|x64
		{A2DAA06C-A76B-431A-8CDD-075CEDF37992}.Debug|x86.ActiveCfg = Debug|Win32
		{A2DAA06C-A76B-431A-8CDD-075CEDF37992}.Debug|x86.Build.0 = Debug|Win32
		{A2DAA06C-A76B-431A-8CDD-075CEDF37992}.Release|x64.ActiveCfg = Release|x64
		{A2DAA06C-A76B-431A-8CDD-075CEDF37992}.Release|x64.Build.0 = Release|x64
		{A2DAA06C-A76B-431A-8CDD-075CEDF37992}.Release|x86.ActiveCfg = Release|Win32
		{A2DAA06C-A76B-431A-8CDD-075CEDF37992}.Release|x86.Build.0 = Release|Win32
		{3086EAB0-EA07-4041-9232-323BC451D605}.Debug|x64.ActiveCfg = Debug|x64
		{3086EAB0-EA07-4041-9232-323BC451D605}.Debug|x64.Build.0 = Debug|x64
		{3086EAB0-EA07-4041-9232-323BC451D605}.Debug|x86.ActiveCfg = Debug|Win32
		{3086EAB0-EA07-4041-9232-323BC451D605}.Debug|x86.Build.0 = Debug|Win32
		{3086EAB0-EA07-4041-9232-323BC451D605}.Release|x64.ActiveCfg = Release|x64
		{3086EAB0-EA07-4041-9232-323BC451D605}.Release|x64.Build.0 = Release|x64
		{3086EAB0-EA07-4041-9232-323BC451D605}.Release|x86.ActiveCfg = Release|Win32
		{3086EAB0-EA07-4041-9232-323BC451D605}.Release|x86.Build.0 = Release|Win32
		{24DCD6A7-2F94-4F50-8363-789F06608CC0}.Debug|x64.ActiveCfg = Debug|x64
		{24DCD6A7-2F94-4F50-8363-789F06608CC0}.Debug|x64.Build.0 = Debug|x64
		{24DCD6A7-2F94-4F50-8363-789F06608CC0}.Debug|x86.ActiveCfg = Debug|Win32
		{24DCD6A7-2F94-4F50-8363-789F06608CC0}.Debug|x86.Build.0 = Debug|Win32
		{24DCD6A7-2F94-4F50-8363-789F06608CC0}.Release|x64.ActiveCfg = Release|x64
		{24DCD6A7-2F94-4F50-8363-789F06608CC0}.Release|x64.Build.0 = Release|x64
		{24DCD6A7-2F94-4F50-8363-789F06608CC0}.Release|x86.ActiveCfg = Release|Win32
		{24DCD6A7-2F94-4F50-8363-789F06608CC0}.Release|x86.Build.0 = Release|Win32
		{FAAE5AD1-03E2-41A5-8517-623D1D5896A0}.Debug|x64.ActiveCfg = Debug|x64
		{FAAE5AD1-03E2-41A5-8517-623D1D5896A0}.Debug|x64.Build.0 = Debug|x64
		{FAAE5AD1-03E2-41A5-8517-623D1D5896A0}.Debug|x86.ActiveCfg = Debug|Win32
		{FAAE5AD1-03E2-41A5-8517-623D1D5896A0}.Debug|x86.Build.0 = Debug|Win32
		{FAAE5AD1-03E2-41A5-8517-623D1D5896A0}.Release|x64.ActiveCfg = Release|x64
		{FAAE5AD1-03E2-41A5-8517-623D1D5896A0}.Release|x64.Build.0 = Release|x64
		{FAAE5AD1-03E2-41A5-8517-623D1D5896A0}.Release|x86.ActiveCfg = Release|Win32
		{FAAE5AD1-03E2-41A5-8517-623D1D5896A0}.Release|x86.Build.0 = Release|Win32
		{94B76DAB-6929-44E1-AE83-3E854DD4A0DB}.Debug|x64.ActiveCfg = Debug|x64
		{94B76DAB-6929-44E1-AE83-3E854DD4A0DB}.Debug|x64.Build.0 = Debug|x64
		{94B76DAB-6929-44E1-AE83-3E854DD4A0DB}.Debug|x86.ActiveCfg = Debug|Win32
		{94B76DAB-6929-44E1-AE83-3E854DD4A0DB}.Debug|x86.Build.0 = Debug|Win32
		{94B76DAB-6929-44E1-AE83-3E854DD4A0DB}.Release|x64.ActiveCfg = Release|x64
		{94B76DAB-6929-44E1-AE83-3E854DD4A0DB}.Release|x64.Build.0 = Release|x64
		{94B76DAB-6929-44E1-AE83-3E854DD4A0DB}.Release|x86.ActiveCfg = Release|Win32
		{94B76DAB-6929-44E1-AE83-3E854DD4A0DB}.Release|x86.Build.0 = Release|Win32
		{F034DC31-DF94-4CB8-A9DE-EAD1F73AC292}.Debug|x64.ActiveCfg = Debug|x64
		{F034DC31-DF94-4CB8-A9DE-EAD1F73AC292}.Debug|x64.Build.0 = Debug|x64
		{F034DC31-DF94-4CB8-A9DE-EAD1F73AC292}.Debug|x86.ActiveCfg = Debug|Win32
		{F034DC31-DF94-4CB8-A9DE-EAD1F73AC292}.Debug|x86.Build.0 = Debug|Win32
		{F034DC31-DF94-4CB8-A9DE-EAD1F73AC292}.Release|x64.ActiveCfg = Release|x64
		{F034DC31-DF94-4CB8-A9DE-EAD1F73AC292}.Release|x64.Build.0 = Release|x64
		{F034DC31-DF94-4CB8-A9DE-EAD1F73AC292}.Release|x86.ActiveCfg = Release|Win32
		{F034DC31-DF94-4CB8-A9DE-EAD1F73AC292}.Release|x86.Build.0 = Release|Win32
		{08FA7442-F9AE-4230-8A12-6C28C33FEE28}.Debug|x64.ActiveCfg = Debug|x64
		{08FA7442-F9AE-4230-8A12-6C28C33FEE28}.Debug|x64.Build.0 = Debug|x64
		{08FA7442-F9AE-4230-8A12-6C28C33FEE28}.Debug|x86.ActiveCfg = Debug|Win32
		{08FA7442-F9AE-4230-8A12-6C28C33FEE28}.Debug|x86.Build.0 = Debug|Win32
		{08FA7442-F9AE-4230-8A12-6C28C33FEE28}.Release|x64.ActiveCfg = Release|x64
		{08FA7442-F9AE-4230-8A12-6C28C33FEE28}.Release|x64.Build.0 = Release|x64
		{08FA7442-F9AE-4230-8A12-6C28C33FEE28}.Release|x86.ActiveCfg = Release|Win32
		{08FA7442-F9AE-4230-8A12-6C28C33FEE28}.Release|x86.Build.0 = Release|Win32
		{F46C69FD-5327-49FD-9AC1-3EBD5C2EBAEF}.Debug|x64.ActiveCfg = Debug|x64
		{F46C69FD-5327-49FD-9AC1-3EBD5C2EBAEF}.Debug|x64.Build.0 = Debug|x64
		{F46C69FD-5327-49FD-9AC1-3EBD5C2EBAEF}.Debug|x86.ActiveCfg = Debug|Win32
		{F46C69FD-5327-49FD-9AC1-3EBD5C2EBAEF}.Debug|x86.Build.0 = Debug|Win32
		{F46C69FD-5327-49FD-9AC1-3EBD5C2EBAEF}.Release|x64.ActiveCfg = Release|x64
		{F46C69FD-5327-49FD-9AC1-3EBD5C2EBAEF}.Release|x64.Build.0 = Release|x64
		{F46C69FD-5327-49FD-9AC1-3EBD5C2EBAEF}.Release|x86.ActiveCfg = Release|Win32
		{F46C69FD-5327-49FD-9AC1-3EBD5C2EBAEF}.Release|x86.Build.0 = Release|Win32
		{8013F9ED-A5BF-4D23-ADF8-357FD71E6B52}.Debug|x64.ActiveCfg = Debug|x64
		{8013F9ED-A5BF-4D23-ADF8-357FD71E6B52}.Debug|x64.Build.0 = Debug|x64
		{8013F9ED-A5BF-4D23-ADF8-357FD71E6B52}.Debug|x86.ActiveCfg = Debug|Win32
		{8013F9ED-A5BF-4D23-ADF8-357FD71E6B52}.Debug|x86.Build.0 = Debug|Win32
		{8013F9ED-A5BF-4D23-ADF8-357FD71E6B52}.Release|x64.ActiveCfg = Release|x64
		{8013F9ED-A5BF-4D23-ADF8-357FD71E6B52}.Release|x64.Build.0 = Release|x64
		{8013F9ED-A5BF-4D23-ADF8-357FD71E6B52}.Release|x86.ActiveCfg = Release|Win32
		{8013F9ED-A5BF-4D23-ADF8-357FD71E6B52}.Release|x86.Build.0 = Release|Win32
		{17D9AB51-FA22-4DAB-BF1E-F79B893F6B69}.Debug|x64.ActiveCfg = Debug|x64
		{17D9AB51-FA22-4DAB-BF1E-F79B893F6B69}.Debug|x64.Build.0 = Debug|x64
		{17D9AB51-FA22-4DAB-BF1E-F79B893F6B69}.Debug|x86.ActiveCfg = Debug|Win32
		{17D9AB51-FA22-4DAB-BF1E-F79B893F6B69}.Debug|x86.Build.0 = Debug|Win32
		{17D9AB51-FA22-4DAB-BF1E-F79B893F6B69}.Release|x64.ActiveCfg = Release|x64
		{17D9AB51-FA22-4DAB-BF1E-F79B893F6B69}.Release|x64.Build.0 = Release|x64
		{17D9AB51-FA22-4DAB-BF1E-F79B893F6B69}.Release|x86.ActiveCfg = Release|Win32
		{17D9AB51-FA22-4DAB-BF1E-F79B893F6B69}.Release|x86.Build.0 = Release|Win32
		{07FB9C65-D70D-44B0-ADCA-F18C4179BAAF}.Debug|x64.ActiveCfg = Debug|x64
		{07FB9C65-D70D-44B0-ADCA-F18C4179BAAF}.Debug|x64.Build.0 = Debug|x64
		{07FB9C65-D70D-44B0-ADCA-F18C4179BAAF}.Debug|x86.ActiveCfg = Debug|Win32
		{07FB9C65-D70D-44B0-ADCA-F18C4179BAAF}.Debug|x86.Build.0 = Debug|Win32
		{07FB9C65-D70D-44B0-ADCA-F18C4179BAAF}.Release|x64.ActiveCfg = Release|x64
		{07FB9C65-D70D-44B0-ADCA-F18C4179BAAF}.Release|x64.Build.0 = Release|x64
		{07FB9C65-D70D-44B0-ADCA-F18C4179BAAF}.Release|x86.ActiveCfg = Release|Win32
		{07FB9C65-D70D-44B0-ADCA-F18C4179BAAF}.Release|x86.Build.0 = Release|Win32
		{A73294BC-EDDE-46D5-808E-97240337D302}.Debug|x64.ActiveCfg = Debug|x64
		{A73294BC-EDDE-46D5-808E-97240337D302}.Debug|x64.Build.0 = Debug|x64
		{A73294BC-EDDE-46D5-808E-97240337D302}.Debug|x86.ActiveCfg = Debug|Win32
		{A73294BC-EDDE-46D5-808E-97240337D302}.Debug|x86.Build.0 = Debug|Win32
		{A73294BC-EDDE-46D5-808E-97240337D302}.Release|x64.ActiveCfg = Release|x64
		{A73294BC-EDDE-46D5-808E-97240337D302}.Release|x64.Build.0 = Release|x64
		{A73294BC-EDDE-46D5-808E-97240337D302}.Release|x86.ActiveCfg = Release|Win32
		{A73294BC-EDDE-46D5-808E-97240337D302}.Release|x86.Build.0 = Release|Win32
		{7FDF0D6B-4B55-407D-A324-52EEABC144BD}.Debug|x64.ActiveCfg = Debug|x64
		{7FDF0D6B-4B55-407D-A324-52EEABC144BD}.Debug|x64.Build.0 = Debug|x64
		{7FDF0D6B-4B55-407D-A324-52EEABC144BD}.Debug|x86.ActiveCfg = Debug|Win32
		{7FDF0D6B-4B55-407D-A324-52EEABC144BD}.Debug|x86.Build.0 = Debug|Win32
		{7FDF0D6B-4B55-407D-A324-52EEABC144BD}.Release|x64.ActiveCfg = Release|x64
		{7FDF0D6B-4B55-407D-A324-52EEABC144BD}.Release|x64.Build.0 = Release|x64
		{7FDF0D6B-4B55-407D-A324-52EEABC144BD}.Release|x86.ActiveCfg = Release|Win32
		{7FDF0D6B-4B55-407D-A324-52EEABC144BD}.Release|x86.Build.0 = Release|Win32
		{3D7D671A-C5DE-41E5-9365-0EE6F3FE6B42}.Debug|x64.ActiveCfg = Debug|x64
		{3D7D671A-C5DE-41E5-9365-0EE6F3FE6B42}.Debug|x64.Build.0 = Debug|x64
		{3D7D671A-C5DE-41E5-9365-0EE6F3FE6B42}.Debug|x86.ActiveCfg = Debug|Win32
		{3D7D671A-C5DE-41E5-9365-0EE6F3FE6B42}.Debug|x86.Build.0 = Debug|Win32
		{3D7D671A-C5DE-41E5-9365-0EE6F3FE6B42}.Release|x64.ActiveCfg = Release|x64
		{3D7D671A-C5DE-41E5-9365-0EE6F3FE6B42}.Release|x64.Build.0 = Release|x64
		{3D7D671A-C5DE-41E5-9365-0EE6F3FE6B42}.Release|x86.ActiveCfg = Release|Win32
		{3D7D671A-C5DE-41E5-9365-0EE6F3FE6B42}.Release|x86.Build.0 = Release|Win32
		{513BA6DA-F46C-4962-B3CD-3EAF72DE9199}.Debug|x64.ActiveCfg = Debug|x64
		{513BA6DA-F46C-4962-B3CD-3EAF72DE9199}.Debug|x64.Build.0 = Debug|x64
		{513BA6DA-F46C-4962-B3CD-3EAF72DE9199}.Debug|x86.ActiveCfg = Debug|Win32
		{513BA6DA-F46C-4962-B3CD-3EAF72DE9199}.Debug|x86.Build.0 = Debug|Win32
		{513BA6DA-F46C-4962-B3CD-3EAF72DE9199}.Release|x64.ActiveCfg = Release|x64
		{513BA6DA-F46C-4962-B3CD-3EAF72DE9199}.Release|x64.Build.0 = Release|x64
		{513BA6DA-F46C-4962-B3CD-3EAF72DE9199}.Release|x86.ActiveCfg = Release|Win32
		{513BA6DA-F46C-4962-B3CD-3EAF72DE9199}.Release|x86.Build.0 = Release|Win32
		{5BE736EE-9D96-48D9-B819-E1D0FCFA2A7C}.Debug|x64.ActiveCfg = Debug|x64
		{5BE736EE-9D96-48D9-B819-E1D0FCFA2A7C}.Debug|x64.Build.0 = Debug|x64
		{5BE736EE-9D96-48D9-B819-E1D0FCFA2A7C}.Debug|x86.ActiveCfg = Debug|Win32
		{5BE736EE-9D96-48D9-B819-E1D0FCFA2A7C}.Debug|x86.Build.0 = Debug|Win32
		{5BE736EE-9D96-48D9-B819-E1D0FCFA2A7C}.Release|x64.ActiveCfg = Release|x64
		{5BE736EE-9D96-48D9-B819-E1D0FCFA2A7C}.Release|x64.Build.0 = Release|x64
		{5BE736EE-9D96-48D9-B819-E1D0FCFA2A7C}.Release|x86.ActiveCfg = Release|Win32
		{5BE736EE-9D96-48D9-B819-E1D0FCFA2A7C}.Release|x86.Build.0 = Release|Win32
		{A44CAF14-FA64-4724-9936-85260CDC8532}.Debug|x64.ActiveCfg = Debug|x64
		{A44CAF14-FA64-4724-9936-85260CDC8532}.Debug|x64.Build.0 = Debug|x64
		{A44CAF14-FA64-4724-9936-85260CDC8532}.Debug|x86.ActiveCfg = Debug|Win32
		{A44CAF14-FA64-4724-9936-85260CDC8532}.Debug|x86.Build.0 = Debug|Win32
		{A44CAF14-FA64-4724-9936-85260CDC8532}.Release|x64.ActiveCfg = Release|x64
		{A44CAF14-FA64-4724-9936-85260CDC8532}.Release|x64.Build.0 = Release|x64
		{A44CAF14-FA64-4724-9936-85260CDC8532}.Release|x86.ActiveCfg = Release|Win32
		{A44CAF14-FA64-4724-9936-85260CDC8532}.Release|x86.Build.0 = Release|Win32
		{24F6180B-F66F-4334-B8AF-77702721BA17}.Debug|x64.ActiveCfg = Debug|x64
		{24F6180B-F66F-4334-B8AF-77702721BA17}.Debug|x64.Build.0 = Debug|x64
		{24F6180B-F66F-4334-B8AF-77702721BA17}.Debug|x86.ActiveCfg = Debug|Win32
		{24F6180B-F66F-4334-B8AF-77702721BA17}.Debug|x86.Build.0 = Debug|Win32
		{24F6180B-F66F-4334-B8AF-77702721BA17}.Release|x64.ActiveCfg = Release|x64
		{24F6180B-F66F-4334-B8AF-77702721BA17}.Release|x64.Build.0 = Release|x64
		{24F6180B-F66F-4334-B8AF-77702721BA17}.Release|x86.ActiveCfg = Release|Win32
		{24F6180B-F66F-4334-B8AF-77702721BA17}.Release|x86.Build.0 = Release|Win32
		{960D386F-ED96-49FF-993F-DCA37573F23F}.Debug|x64.ActiveCfg = Debug|x64
		{960D386F-ED96-49FF-993F-DCA37573F23F}.Debug|x64.Build.0 = Debug|x64
		{960D386F-ED96-49FF-993F-DCA37573F23F}.Debug|x86.ActiveCfg = Debug|Win32
		{960D386F-ED96-49FF-993F-DCA37573F23F}.Debug|x86.Build.0 = Debug|Win32
		{960D386F-ED96-49FF-993F-DCA37573F23F}.Release|x64.ActiveCfg = Release|x64
		{960D386F-ED96-49FF-993F-DCA37573F23F}.Release|x64.Build.0 = Release|x64
		{960D386F-ED96-49FF-993F-DCA37573F23F}.Release|x86.ActiveCfg = Release|Win32
		{960D386F-ED96-49FF-993F-DCA37573F23F}.Release|x86.Build.0 = Release|Win32
		{D0E806BD-155F-41EE-9B39-9FA540AACE57}.Debug|x64.ActiveCfg = Debug|x64
		{D0E806BD-155F-41EE-9B39-9FA540AACE57}.Debug|x64.Build.0 = Debug|x64
		{D0E806BD-155F-41EE-9B39-9FA540AACE57}.Debug|x86.ActiveCfg = Debug|Win32
		{D0E806BD-155F-41EE-9B39-9FA540AACE57}.Debug|x86.Build.0 = Debug|Win32
		{D0E806BD-155F-41EE-9B39-9FA540AACE57}.Release|x64.ActiveCfg = Release|x64
		{D0E806BD-155F-41EE-9B39-9FA540AACE57}.Release|x64.Build.0 = Release|x64
		{D0E806BD-155F-41EE-9B39-9FA540AACE57}.Release|x86.ActiveCfg = Release|Win32
		{D0E806BD-155F-41EE-9B39-9FA540AACE57}.Release|x86.Build.0 = Release|Win32
		{4AF4EE6F-2201-4836-A2EC-07A98D42520C}.Debug|x64.ActiveCfg = Debug|x64
		{4AF4EE6F-2201-4836-A2EC-07A98D42520C}.Debug|x64.Build.0 = Debug|x64
		{4AF4EE6F-2201-4836-A2EC-07A98D42520C}.Debug|x86.ActiveCfg = Debug|Win32
		{4AF4EE6F-2201-4836-A2EC-07A98D42520C}.Debug|x86.Build.0 = Debug|Win32
		{4AF4EE6F-2201-4836-A2EC-07A98D42520C}.Release|x64.ActiveCfg = Release|x64
		{4AF4EE6F-2201-4836-A2EC-07A98D42520C}.Release|x64.Build.0 = Release|x64
		{4AF4EE6F-2201-4836-A2EC-07A98D42520C}.Release|x86.ActiveCfg = Release|Win32
		{4AF4EE6F-2201-4836-A2EC-07A98D42520C}.Release|x86.Build.0 = Release|Win32
		{951C6758-74D0-494F-B998-2502D07210B6}.Debug|x64.ActiveCfg = Debug|x64
		{951C6758-74D0-494F-B998-2502D07210B6}.Debug|x64.Build.0 = Debug|x64
		{951C6758-74D0-494F-B998-2502D07210B6}.Debug|x86.ActiveCfg = Debug|Win32
		{951C6758-74D0-494F-B998-2502D07210B6}.Debug|x86.Build.0 = Debug|Win32
		{951C6758-74D0-494F-B998-2502D07210B6}.Release|x64.ActiveCfg = Release|x64
		{951C6758-74D0-494F-B998-2502D07210B6}.Release|x64.Build.0 = Release|x64
		{951C6758-74D0-494F-B998-2502D07210B6}.Release|x86.ActiveCfg = Release|Win32
		{951C6758-74D0-494F-B998-2502D07210B6}.Release|x86.Build.0 = Release|Win32
		{BF423EB3-4F14-4E81-A68C-35D65ECD3A80}.Debug|x64.ActiveCfg = Debug|x64
		{BF423EB3-4F14-4E81-A68C-35D65ECD3A80}.Debug|x64.Build.0 = Debug|x64
		{BF423EB3-4F14-4E81-A68C-35D65ECD3A80}.Debug|x86.ActiveCfg = Debug|Win32
		{BF423EB3-4F14-4E81-A68C-35D65ECD3A80}.Debug|x86.Build.0 = Debug|Win32
		{BF423EB3-4F14-4E81-A68C-35D65ECD3A80}.Release|x64.ActiveCfg = Release|x64
		{BF423EB3-4F14-4E81-A68C-35D65ECD3A80}.Release|x64.Build.0 = Release|x64
		{BF423EB3-4F14-4E81-A68C-35D65ECD3A80}.Release|x86.ActiveCfg = Release|Win32
		{BF423EB3-4F14-4E81-A68C-35D65ECD3A80}.Release|x86.Build.0 = Release|Win32
		{92FD7596-7445-4DC3-8B4C-5EF53FCA776A}.Debug|x64.ActiveCfg = Debug|x64
		{92FD7596-7445-4DC3-8B4C-5EF53FCA776A}.Debug|x64.Build.0 = Debug|x64
		{92FD7596-7445-4DC3-8B4C-5EF53FCA776A}.Debug|x86.ActiveCfg = Debug|Win32
		{92FD7596-7445-4DC3-8B4C-5EF53FCA776A}.Debug|x86.Build.0 = Debug|Win32
		{92FD7596-7445-4DC3-8B4C-5EF53FCA776A}.Release|x64.ActiveCfg = Release|x64
		{92FD7596-7445-4DC3-8B4C-5EF53FCA776A}.Release|x64.Build.0 = Release|x64
		{92FD7596-7445-4DC3-8B4C-5EF53FCA776A}.Release|x86.ActiveCfg = Release|Win32
		{92FD7596-7445-4DC3-8B4C-5EF53FCA776A}.Release|x86.Build.0 = Release|Win32
		{51BCC48C-09AE-4C8B-9734-F9A2B89F1F03}.Debug|x64.ActiveCfg = Debug|x64
		{51BCC48C-09AE-4C8B-9734-F9A2B89F1F03}.Debug|x64.Build.0 = Debug|x64
		{51BCC48C-09AE-4C8B-9734-F9A2B89F1F03}.Debug|x86.ActiveCfg = Debug|Win32
		{51BCC48C-09AE-4C8B-9734-F9A2B89F1F03}.Debug|x86.Build.0 = Debug|Win32
		{51BCC48C-09AE-4C8B-9734-F9A2B89F1F03}.Release|x64.ActiveCfg = Release|x64
		{51BCC48C-09AE-4C8B-9734-F9A2B89F1F03}.Release|x64.Build.0 = Release|x64
		{51BCC48C-09AE-4C8B-9734-F9A2B89F1F03}.Release|x86.ActiveCfg = Release|Win32
		{51BCC48C-09AE-4C8B-9734-F9A2B89F1F03}.Release|x86.Build.0 = Release|Win32
		{3558DBCB-9FB4-45CA-9FC2-EC6D0C2C999C}.Debug|x64.ActiveCfg = Debug|x64
		{3558DBCB-9FB4-45CA-9FC2-EC6D0C2C999C}.Debug|x64.Build.0 = Debug|x64
		{3558DBCB-9FB4-45CA-9FC2-EC6D0C2C999C}.Debug|x86.ActiveCfg = Debug|Win32
		{3558DBCB-9FB4-45CA-9FC2-EC6D0C2C999C}.Debug|x86.Build.0 = Debug|Win32
		{3558DBCB-9FB4-45CA-9FC2-EC6D0C2C999C}.Release|x64.ActiveCfg = Release|x64
		{3558DBCB-9FB4-45CA-9FC2-EC6D0C2C999C}.Release|x64.Build.0 = Release|x64
		{3558DBCB-9FB4-45CA-9FC2-EC6D0C2C999C}.Release|x86.ActiveCfg = Release|Win32
		{3558DBCB-9FB4-45CA-9FC2-EC6D0C2C999C}.Release|x86.Build.0 = Release|Win32
		{E7CAA812-D08A-49BF-93FA-AC7D51E2C512}.Debug|x64.ActiveCfg = Debug|x64
		{E7CAA812-D08A-49BF-93FA-AC7D51E2C512}.Debug|x64.Build.0 = Debug|x64
		{E7CAA812-D08A-49BF-93FA-AC7D51E2C512}.Debug|x86.ActiveCfg = Debug|Win32
		{E7CAA812-D08A-49BF-93FA-AC7D51E2C512}.Debug|x86.Build.0 = Debug|Win32
		{E7CAA812-D08A-49BF-93FA-AC7D51E2C512}.Release|x64.ActiveCfg = Release|x64
		{E7CAA812-D08A-49BF-93FA-AC7D51E2C512}.Release|x64.Build.0 = Release|x64
		{E7CAA812-D08A-49BF-93FA-AC7D51E2C512}.Release|x86.ActiveCfg = Release|Win32
		{E7CAA812-D08A-49BF-93FA-AC7D51E2C512}.Release|x86.Build.0 = Release|Win32
	EndGlobalSection
	GlobalSection(SolutionProperties) = preSolution
		HideSolutionNode = FALSE
	EndGlobalSection
	GlobalSection(NestedProjects) = preSolution
		{2D0B26D2-8EC8-4C65-9452-8BE8589FCB8C} = {D6A27695-699A-4568-B0AF-FD518720EC04}
		{608516BD-DB22-41CB-86C2-CF13CE036CB2} = {ED3FA100-5317-4B4F-9DAA-CAB51298C74F}
		{F31F4F41-2A17-4CF5-9D18-81C625FC949A} = {ED3FA100-5317-4B4F-9DAA-CAB51298C74F}
		{7B7223B6-47F6-46E4-81D6-8A5B03B679DD} = {D6A27695-699A-4568-B0AF-FD518720EC04}
		{D08FFE3B-E217-4589-AE7A-68D80EFB40EC} = {2D0B26D2-8EC8-4C65-9452-8BE8589FCB8C}
		{70724758-3963-4C17-AF11-8FCCA488305A} = {2D0B26D2-8EC8-4C65-9452-8BE8589FCB8C}
		{C6D6F4F8-9C18-4A61-84DD-F67F75D55FC5} = {2D0B26D2-8EC8-4C65-9452-8BE8589FCB8C}
		{D5421610-C607-439E-A693-10B42D7E82FD} = {13BD65D7-AFCB-4380-B4BB-E903513B53AF}
		{97837CB6-8BE6-4594-8C59-5C3DB5062B10} = {7B7223B6-47F6-46E4-81D6-8A5B03B679DD}
		{E4C7F4FE-1A94-44F7-82AC-D771DC749506} = {D6A27695-699A-4568-B0AF-FD518720EC04}
		{267E94CE-0C35-4CD8-BBF0-9E2C35F7114C} = {F627CB20-007D-4F85-A998-DB9FDB193E67}
		{ACED47E8-6842-4AA3-BD9B-022C3DBAE9D6} = {D6A27695-699A-4568-B0AF-FD518720EC04}
		{41B72FF1-E026-4C58-BDC8-3C5D6F0FA1B0} = {ACED47E8-6842-4AA3-BD9B-022C3DBAE9D6}
		{E34AACD9-9867-401F-BFEA-8CE1048DF302} = {ACED47E8-6842-4AA3-BD9B-022C3DBAE9D6}
		{AE09FAE8-60EC-49E6-AD05-F7E7153D9E5E} = {ACED47E8-6842-4AA3-BD9B-022C3DBAE9D6}
		{011921BD-2ACA-402C-A745-AAE589DBC51E} = {ACED47E8-6842-4AA3-BD9B-022C3DBAE9D6}
		{82F98D88-9177-40E0-8F60-8E4ED3DD77D0} = {ACED47E8-6842-4AA3-BD9B-022C3DBAE9D6}
		{9EBB0A29-8E9B-41A6-BE22-95B86CCE6053} = {ACED47E8-6842-4AA3-BD9B-022C3DBAE9D6}
		{F627CB20-007D-4F85-A998-DB9FDB193E67} = {E4C7F4FE-1A94-44F7-82AC-D771DC749506}
		{3A2D2266-D283-455E-B9B0-092400464B3C} = {E4C7F4FE-1A94-44F7-82AC-D771DC749506}
		{3962B6BC-3320-4AAF-A55D-B292488E94DC} = {ED3FA100-5317-4B4F-9DAA-CAB51298C74F}
		{65CC981F-68B5-4E09-817D-4FB553D2DE5A} = {ED3FA100-5317-4B4F-9DAA-CAB51298C74F}
		{25AF5ED1-0926-464B-9105-9664C287C069} = {ED3FA100-5317-4B4F-9DAA-CAB51298C74F}
		{32CB0267-5328-4307-8C1D-39D782F78A9C} = {ED3FA100-5317-4B4F-9DAA-CAB51298C74F}
		{409106D7-5184-48B3-AEDE-82972335AEBF} = {ED3FA100-5317-4B4F-9DAA-CAB51298C74F}
		{010F3D0D-F258-484D-A5A9-20CE2522BD86} = {ED3FA100-5317-4B4F-9DAA-CAB51298C74F}
		{FB636B1E-F79B-4A07-9107-BA46FD2264A4} = {ED3FA100-5317-4B4F-9DAA-CAB51298C74F}
		{6CC410EC-A1DC-4512-9C7E-0813F7FE6C47} = {FB636B1E-F79B-4A07-9107-BA46FD2264A4}
		{81DDC176-0338-4F57-89D7-E7AFC287EDD9} = {FB636B1E-F79B-4A07-9107-BA46FD2264A4}
		{3DF6EDC0-3D21-45C4-89E4-3F0A29EB01F9} = {FB636B1E-F79B-4A07-9107-BA46FD2264A4}
		{1CFEB690-38EE-42A4-A7DC-37A9B9807A7D} = {13BD65D7-AFCB-4380-B4BB-E903513B53AF}
		{799C0617-DC21-4521-B71D-B474233CEF22} = {13BD65D7-AFCB-4380-B4BB-E903513B53AF}
		{6900785E-A06F-4A76-BFCA-A2E433E0A0C7} = {13BD65D7-AFCB-4380-B4BB-E903513B53AF}
		{2F24C4AA-C8A3-4504-B435-D0C02380560F} = {13BD65D7-AFCB-4380-B4BB-E903513B53AF}
		{AF56ADE2-2DB2-45EE-A4D6-F6747168C5EB} = {13BD65D7-AFCB-4380-B4BB-E903513B53AF}
		{0F11D1B9-4136-4075-977F-09C0AB288286} = {13BD65D7-AFCB-4380-B4BB-E903513B53AF}
		{C17B2D97-81C2-4E86-86AB-6C9FF27A29B7} = {13BD65D7-AFCB-4380-B4BB-E903513B53AF}
		{419F902D-BB6D-4C2C-B345-2B8A3F1CE722} = {13BD65D7-AFCB-4380-B4BB-E903513B53AF}
		{73DF6440-A4B8-4FF9-979D-CF01F4558B87} = {AF56ADE2-2DB2-45EE-A4D6-F6747168C5EB}
		{322B5FC9-2057-4C62-B55C-14144E95BBFD} = {AF56ADE2-2DB2-45EE-A4D6-F6747168C5EB}
		{00B96901-CED4-4839-9CD0-C674FA94E599} = {2F24C4AA-C8A3-4504-B435-D0C02380560F}
		{63C2F29C-28ED-4D22-8F4A-9CBF6EA9CB94} = {2F24C4AA-C8A3-4504-B435-D0C02380560F}
		{45C4B081-2B80-477A-9FCE-74C7D09B5FA0} = {2F24C4AA-C8A3-4504-B435-D0C02380560F}
		{154BEB4D-A628-4F93-BAD9-F119DE8D8268} = {2F24C4AA-C8A3-4504-B435-D0C02380560F}
		{BE6E72D3-5108-483B-865C-56879406231F} = {6900785E-A06F-4A76-BFCA-A2E433E0A0C7}
		{B5F6ACB9-7047-4D2F-8EF2-2B5BFB8FE3D0} = {6900785E-A06F-4A76-BFCA-A2E433E0A0C7}
		{24D4C4C0-BD15-412B-94CF-7B811DA43BE3} = {6900785E-A06F-4A76-BFCA-A2E433E0A0C7}
		{B57438E7-DA0D-429E-B4A0-F6D2066ADC9E} = {6900785E-A06F-4A76-BFCA-A2E433E0A0C7}
		{48070AF8-4356-4302-8672-D01CB8439108} = {799C0617-DC21-4521-B71D-B474233CEF22}
		{5929C4F2-D994-44CB-87B3-372DA418B382} = {799C0617-DC21-4521-B71D-B474233CEF22}
		{6437CF81-831E-47DC-8FA2-BF3B7FBE6832} = {1CFEB690-38EE-42A4-A7DC-37A9B9807A7D}
		{0DA15BE5-CE61-4107-BFE8-1ADB1D3957AD} = {1CFEB690-38EE-42A4-A7DC-37A9B9807A7D}
		{9FE9CE10-C5C1-4A6F-ABB6-ECB77161176E} = {1CFEB690-38EE-42A4-A7DC-37A9B9807A7D}
		{70FCC36D-A63F-41C6-BBDF-B5CC1CC73B8A} = {1CFEB690-38EE-42A4-A7DC-37A9B9807A7D}
		{10030278-9B6C-4562-A4F0-35465B65E164} = {1CFEB690-38EE-42A4-A7DC-37A9B9807A7D}
		{A2DAA06C-A76B-431A-8CDD-075CEDF37992} = {D5421610-C607-439E-A693-10B42D7E82FD}
		{3086EAB0-EA07-4041-9232-323BC451D605} = {D5421610-C607-439E-A693-10B42D7E82FD}
		{24DCD6A7-2F94-4F50-8363-789F06608CC0} = {D5421610-C607-439E-A693-10B42D7E82FD}
		{FAAE5AD1-03E2-41A5-8517-623D1D5896A0} = {D5421610-C607-439E-A693-10B42D7E82FD}
		{94B76DAB-6929-44E1-AE83-3E854DD4A0DB} = {D5421610-C607-439E-A693-10B42D7E82FD}
		{F034DC31-DF94-4CB8-A9DE-EAD1F73AC292} = {6437CF81-831E-47DC-8FA2-BF3B7FBE6832}
		{08FA7442-F9AE-4230-8A12-6C28C33FEE28} = {6437CF81-831E-47DC-8FA2-BF3B7FBE6832}
		{F46C69FD-5327-49FD-9AC1-3EBD5C2EBAEF} = {41B72FF1-E026-4C58-BDC8-3C5D6F0FA1B0}
		{8013F9ED-A5BF-4D23-ADF8-357FD71E6B52} = {E34AACD9-9867-401F-BFEA-8CE1048DF302}
		{17D9AB51-FA22-4DAB-BF1E-F79B893F6B69} = {9EBB0A29-8E9B-41A6-BE22-95B86CCE6053}
		{07FB9C65-D70D-44B0-ADCA-F18C4179BAAF} = {9EBB0A29-8E9B-41A6-BE22-95B86CCE6053}
		{A73294BC-EDDE-46D5-808E-97240337D302} = {608516BD-DB22-41CB-86C2-CF13CE036CB2}
		{7FDF0D6B-4B55-407D-A324-52EEABC144BD} = {608516BD-DB22-41CB-86C2-CF13CE036CB2}
		{3D7D671A-C5DE-41E5-9365-0EE6F3FE6B42} = {F31F4F41-2A17-4CF5-9D18-81C625FC949A}
		{513BA6DA-F46C-4962-B3CD-3EAF72DE9199} = {3962B6BC-3320-4AAF-A55D-B292488E94DC}
		{5BE736EE-9D96-48D9-B819-E1D0FCFA2A7C} = {65CC981F-68B5-4E09-817D-4FB553D2DE5A}
		{A44CAF14-FA64-4724-9936-85260CDC8532} = {25AF5ED1-0926-464B-9105-9664C287C069}
		{24F6180B-F66F-4334-B8AF-77702721BA17} = {32CB0267-5328-4307-8C1D-39D782F78A9C}
		{960D386F-ED96-49FF-993F-DCA37573F23F} = {409106D7-5184-48B3-AEDE-82972335AEBF}
		{D0E806BD-155F-41EE-9B39-9FA540AACE57} = {010F3D0D-F258-484D-A5A9-20CE2522BD86}
		{4AF4EE6F-2201-4836-A2EC-07A98D42520C} = {6CC410EC-A1DC-4512-9C7E-0813F7FE6C47}
		{951C6758-74D0-494F-B998-2502D07210B6} = {81DDC176-0338-4F57-89D7-E7AFC287EDD9}
		{BF423EB3-4F14-4E81-A68C-35D65ECD3A80} = {3DF6EDC0-3D21-45C4-89E4-3F0A29EB01F9}
		{92FD7596-7445-4DC3-8B4C-5EF53FCA776A} = {82F98D88-9177-40E0-8F60-8E4ED3DD77D0}
		{51BCC48C-09AE-4C8B-9734-F9A2B89F1F03} = {82F98D88-9177-40E0-8F60-8E4ED3DD77D0}
		{3558DBCB-9FB4-45CA-9FC2-EC6D0C2C999C} = {AE09FAE8-60EC-49E6-AD05-F7E7153D9E5E}
		{E7CAA812-D08A-49BF-93FA-AC7D51E2C512} = {011921BD-2ACA-402C-A745-AAE589DBC51E}
	EndGlobalSection
	GlobalSection(ExtensibilityGlobals) = postSolution
		SolutionGuid = {21880230-8218-4951-B5BB-5B2800136E15}
	EndGlobalSection
EndGlobal
